{
  "name": "catagroup-websites",
  "version": "0.0.1",
  "lockfileVersion": 1,
  "requires": true,
  "dependencies": {
    "prettier": {
      "version": "2.5.1",
      "resolved": "https://registry.npmjs.org/prettier/-/prettier-2.5.1.tgz",
      "integrity": "sha512-vBZcPRUR5MZJwoyi3ZoyQlc1rXeEck8KgeC9AwwOn+exuxLxq5toTRDTSaVrXHxelDMHy9zlicw8u66yxoSUFg==",
      "dev": true
    },
    "turbo": {
      "version": "1.2.8",
      "resolved": "https://registry.npmjs.org/turbo/-/turbo-1.2.8.tgz",
      "integrity": "sha512-Ms5ZvRlTjl3RF+ccWuGK2Gzgm4Zvr6mtaNwtBJR48u8gcDRjg1eSrpkwvCD+ENEVeQ39MxKjNS51ZYPIBnnhUw==",
      "dev": true,
      "requires": {
        "turbo-darwin-64": "1.2.8",
        "turbo-darwin-arm64": "1.2.8",
        "turbo-freebsd-64": "1.2.8",
        "turbo-freebsd-arm64": "1.2.8",
        "turbo-linux-32": "1.2.8",
        "turbo-linux-64": "1.2.8",
        "turbo-linux-arm": "1.2.8",
        "turbo-linux-arm64": "1.2.8",
        "turbo-linux-mips64le": "1.2.8",
        "turbo-linux-ppc64le": "1.2.8",
        "turbo-windows-32": "1.2.8",
        "turbo-windows-64": "1.2.8",
        "turbo-windows-arm64": "1.2.8"
      }
    },
    "turbo-darwin-64": {
      "version": "1.2.8",
      "resolved": "https://registry.npmjs.org/turbo-darwin-64/-/turbo-darwin-64-1.2.8.tgz",
      "integrity": "sha512-W46D05e1EUBE5TpRYjAHZXvR01EGhY8AcZUZa1mQCLmOb/W3knS1jHDAMEfXoPuDhdlolejEcbSHFCmqFRQ6OQ==",
      "dev": true,
      "optional": true
    },
    "turbo-darwin-arm64": {
      "version": "1.2.8",
      "resolved": "https://registry.npmjs.org/turbo-darwin-arm64/-/turbo-darwin-arm64-1.2.8.tgz",
      "integrity": "sha512-hDcbQzUnKDa5j+MPnt8hbhcENeGD+dxee9O8LkRUGgHFQzqME0YVZsRDwwMCnpRSmr9ZlvZYQJPRELhBdary9Q==",
      "dev": true,
      "optional": true
    },
    "turbo-freebsd-64": {
      "version": "1.2.8",
      "resolved": "https://registry.npmjs.org/turbo-freebsd-64/-/turbo-freebsd-64-1.2.8.tgz",
      "integrity": "sha512-Bd91gNJ9QdsJOjGTpY0YYIa/BIS9BP21gKcpcjZHl4pRpPHraeT9M+RYtpv9bWH3BUWYf0HUzfagOHubrkKq+g==",
      "dev": true,
      "optional": true
    },
    "turbo-freebsd-arm64": {
      "version": "1.2.8",
      "resolved": "https://registry.npmjs.org/turbo-freebsd-arm64/-/turbo-freebsd-arm64-1.2.8.tgz",
      "integrity": "sha512-T+fVnbZNFfQ990F8xazsC16EkV98PkQy091NDKYqbYD6C+PtyV6VpAXX61XDzw01JVJ0GxH/8eiLNttP5lfmnA==",
      "dev": true,
      "optional": true
    },
    "turbo-linux-32": {
      "version": "1.2.8",
      "resolved": "https://registry.npmjs.org/turbo-linux-32/-/turbo-linux-32-1.2.8.tgz",
      "integrity": "sha512-wdhssIJQJfYPz9x4XTWZQSRI0mbzsU0Qf3+4kM2XeGsP9k4mi+1g+4PbGutOLBzIWd9OY619dXz/ut43RWqepA==",
      "dev": true,
      "optional": true
    },
    "turbo-linux-64": {
      "version": "1.2.8",
      "resolved": "https://registry.npmjs.org/turbo-linux-64/-/turbo-linux-64-1.2.8.tgz",
      "integrity": "sha512-9OZhxejgl8qQptTUdGnvNXJeFD+I6xF5jkW/tzu5sY9XcdtVvGJ5S4nXYbzG9kPgg4sC6I2gajMCb1l3f5jxSA==",
      "dev": true,
      "optional": true
    },
    "turbo-linux-arm": {
      "version": "1.2.8",
      "resolved": "https://registry.npmjs.org/turbo-linux-arm/-/turbo-linux-arm-1.2.8.tgz",
      "integrity": "sha512-RFLScvJPiuVoTDl83iCFNhXICi+F26A0dhBRaOdD9xP5CjcRTS7ITrPpfiELZ/oQzDdZpk3kD+6MxJPtWxoUkg==",
      "dev": true,
      "optional": true
    },
    "turbo-linux-arm64": {
      "version": "1.2.8",
      "resolved": "https://registry.npmjs.org/turbo-linux-arm64/-/turbo-linux-arm64-1.2.8.tgz",
      "integrity": "sha512-S7Xu5mhEiTOQNVSaERdCEwWn3IdY0hBIBSoU6TNPD8uIR1jw8r2oV/v/hyuNRRbUfq7as+5tmVXW+RXY/dSkEA==",
      "dev": true,
      "optional": true
    },
    "turbo-linux-mips64le": {
      "version": "1.2.8",
      "resolved": "https://registry.npmjs.org/turbo-linux-mips64le/-/turbo-linux-mips64le-1.2.8.tgz",
      "integrity": "sha512-JXakBXqVhQrNwwe9t/qw1XowTxKuwv4zh3XVjIX4lKrIPjZZq4XRb3zjLRmtNK7MOV9VZ6Tg6JGc87CNYtp2eA==",
      "dev": true,
      "optional": true
    },
    "turbo-linux-ppc64le": {
      "version": "1.2.8",
      "resolved": "https://registry.npmjs.org/turbo-linux-ppc64le/-/turbo-linux-ppc64le-1.2.8.tgz",
      "integrity": "sha512-GBFcyV6y+KHmBCylJmk9/b8YO7O5jknWf3Radva3YYcfihzn7gm6pCWd17ML28ZLMEvJfWEtbHrU4gDFk+k7Mw==",
      "dev": true,
      "optional": true
    },
    "turbo-windows-32": {
      "version": "1.2.8",
      "resolved": "https://registry.npmjs.org/turbo-windows-32/-/turbo-windows-32-1.2.8.tgz",
      "integrity": "sha512-z6FSmbPDtDxz0vDbP5Odd1wJx7aACtxQ8XvIRB5sR+dvSCW40RZZLh9LTjWb49y3l7YsnqVdjEE0/bTu56M7hQ==",
      "dev": true,
      "optional": true
    },
    "turbo-windows-64": {
      "version": "1.2.8",
      "resolved": "https://registry.npmjs.org/turbo-windows-64/-/turbo-windows-64-1.2.8.tgz",
      "integrity": "sha512-RiIy6ZfuEquje7k53DXNI9zR34AN5/8JJwZLnVhPzdqYdth9EXROS9pOKNNnYEvcWoG34xbgISezsxTXzcHVAA==",
      "dev": true,
      "optional": true
    },
    "turbo-windows-arm64": {
      "version": "1.2.8",
      "resolved": "https://registry.npmjs.org/turbo-windows-arm64/-/turbo-windows-arm64-1.2.8.tgz",
      "integrity": "sha512-usARU7a51r8bY+Z6d7bO3N+97x2C4d2PftbDQaTTBuHQCdbYoZSKhiTPTJfrij8FaxVWjtfoTBxlTCh3mzuNOQ==",
      "dev": true,
      "optional": true
    }
  }
}
